
Microsoft Visual Studio Solution File, Format Version 12.00
# Visual Studio 15
VisualStudioVersion = 15.0.28307.271
MinimumVisualStudioVersion = 10.0.40219.1
Project("{FAE04EC0-301F-11D3-BF4B-00C04F79EFBC}") = "CSharp.Data.Task", "CSharp.Data.Task\CSharp.Data.Task.csproj", "{867B820F-CF3B-4C31-8742-73817F42FDF2}"
EndProject
Project("{FAE04EC0-301F-11D3-BF4B-00C04F79EFBC}") = "CSharp.Data.Client", "CSharp.Data.Client\CSharp.Data.Client\CSharp.Data.Client.csproj", "{679CAED8-EE91-4117-A573-31171C4E652A}"
EndProject
Project("{FAE04EC0-301F-11D3-BF4B-00C04F79EFBC}") = "CSharp.Saude.FitbitTask", "CSharp.Saude.FitbitTask\CSharp.Saude.FitbitTask\CSharp.Saude.FitbitTask.csproj", "{AE8D8E8C-18C9-40B1-994D-49DBC7690319}"
EndProject
Project("{FAE04EC0-301F-11D3-BF4B-00C04F79EFBC}") = "CSharp.Politica.PrfOsascoTask", "CSharp.Politica.PrfOsascoTask\CSharp.Politica.PrfOsascoTask\CSharp.Politica.PrfOsascoTask.csproj", "{A04DD3CB-1BB5-4CB0-9106-48A7D4C6F044}"
EndProject
Global
	GlobalSection(SolutionConfigurationPlatforms) = preSolution
		Debug|Any CPU = Debug|Any CPU
		Release|Any CPU = Release|Any CPU
	EndGlobalSection
	GlobalSection(ProjectConfigurationPlatforms) = postSolution
		{867B820F-CF3B-4C31-8742-73817F42FDF2}.Debug|Any CPU.ActiveCfg = Debug|Any CPU
		{867B820F-CF3B-4C31-8742-73817F42FDF2}.Debug|Any CPU.Build.0 = Debug|Any CPU
		{867B820F-CF3B-4C31-8742-73817F42FDF2}.Release|Any CPU.ActiveCfg = Release|Any CPU
		{867B820F-CF3B-4C31-8742-73817F42FDF2}.Release|Any CPU.Build.0 = Release|Any CPU
		{679CAED8-EE91-4117-A573-31171C4E652A}.Debug|Any CPU.ActiveCfg = Debug|Any CPU
		{679CAED8-EE91-4117-A573-31171C4E652A}.Debug|Any CPU.Build.0 = Debug|Any CPU
		{679CAED8-EE91-4117-A573-31171C4E652A}.Release|Any CPU.ActiveCfg = Release|Any CPU
		{679CAED8-EE91-4117-A573-31171C4E652A}.Release|Any CPU.Build.0 = Release|Any CPU
		{AE8D8E8C-18C9-40B1-994D-49DBC7690319}.Debug|Any CPU.ActiveCfg = Debug|Any CPU
		{AE8D8E8C-18C9-40B1-994D-49DBC7690319}.Debug|Any CPU.Build.0 = Debug|Any CPU
		{AE8D8E8C-18C9-40B1-994D-49DBC7690319}.Release|Any CPU.ActiveCfg = Release|Any CPU
		{AE8D8E8C-18C9-40B1-994D-49DBC7690319}.Release|Any CPU.Build.0 = Release|Any CPU
		{A04DD3CB-1BB5-4CB0-9106-48A7D4C6F044}.Debug|Any CPU.ActiveCfg = Debug|Any CPU
		{A04DD3CB-1BB5-4CB0-9106-48A7D4C6F044}.Debug|Any CPU.Build.0 = Debug|Any CPU
		{A04DD3CB-1BB5-4CB0-9106-48A7D4C6F044}.Release|Any CPU.ActiveCfg = Release|Any CPU
		{A04DD3CB-1BB5-4CB0-9106-48A7D4C6F044}.Release|Any CPU.Build.0 = Release|Any CPU
	EndGlobalSection
	GlobalSection(SolutionProperties) = preSolution
		HideSolutionNode = FALSE
	EndGlobalSection
	GlobalSection(ExtensibilityGlobals) = postSolution
		SolutionGuid = {89A1DB6F-835D-4923-AC43-C88150CA1BB2}
	EndGlobalSection
EndGlobal
